
Microsoft Visual Studio Solution File, Format Version 12.00
# Visual Studio 2012
Project("{FAE04EC0-301F-11D3-BF4B-00C04F79EFBC}") = "EPAM_Task6_2_Library", "EPAM_Task6_2_Library\EPAM_Task6_2_Library.csproj", "{51764AFC-7E0A-4498-81B8-6495D3F32AF9}"
EndProject
Project("{FAE04EC0-301F-11D3-BF4B-00C04F79EFBC}") = "EPAM_Task6_2_WpfApplication", "EPAM_Task6_2_WpfApplication\EPAM_Task6_2_WpfApplication.csproj", "{3D2B78EF-9A1A-4114-87B4-CE2E16F60F5D}"
EndProject
Global
	GlobalSection(SolutionConfigurationPlatforms) = preSolution
		Debug|Any CPU = Debug|Any CPU
		Release|Any CPU = Release|Any CPU
	EndGlobalSection
	GlobalSection(ProjectConfigurationPlatforms) = postSolution
		{51764AFC-7E0A-4498-81B8-6495D3F32AF9}.Debug|Any CPU.ActiveCfg = Debug|Any CPU
		{51764AFC-7E0A-4498-81B8-6495D3F32AF9}.Debug|Any CPU.Build.0 = Debug|Any CPU
		{51764AFC-7E0A-4498-81B8-6495D3F32AF9}.Release|Any CPU.ActiveCfg = Release|Any CPU
		{51764AFC-7E0A-4498-81B8-6495D3F32AF9}.Release|Any CPU.Build.0 = Release|Any CPU
		{3D2B78EF-9A1A-4114-87B4-CE2E16F60F5D}.Debug|Any CPU.ActiveCfg = Debug|Any CPU
		{3D2B78EF-9A1A-4114-87B4-CE2E16F60F5D}.Debug|Any CPU.Build.0 = Debug|Any CPU
		{3D2B78EF-9A1A-4114-87B4-CE2E16F60F5D}.Release|Any CPU.ActiveCfg = Release|Any CPU
		{3D2B78EF-9A1A-4114-87B4-CE2E16F60F5D}.Release|Any CPU.Build.0 = Release|Any CPU
	EndGlobalSection
	GlobalSection(SolutionProperties) = preSolution
		HideSolutionNode = FALSE
	EndGlobalSection
EndGlobal
