
Microsoft Visual Studio Solution File, Format Version 12.00
# Visual Studio 2012
Project("{FAE04EC0-301F-11D3-BF4B-00C04F79EFBC}") = "Epam_Task2_1_Library", "Epam_Task2_1\Epam_Task2_1_Library.csproj", "{DDB3A90F-443E-403F-BE1F-EF4E3F4B18CD}"
EndProject
Project("{FAE04EC0-301F-11D3-BF4B-00C04F79EFBC}") = "Epam_Task2_1_ConsoleApplication", "Epam_Task2_1_ConsoleApplication\Epam_Task2_1_ConsoleApplication.csproj", "{1710C2A3-FFB4-4BCC-9CB9-7143430F1748}"
EndProject
Project("{FAE04EC0-301F-11D3-BF4B-00C04F79EFBC}") = "Epam_Task2_1_WpfApplication", "Epam_Task2_1_WpfApplication\Epam_Task2_1_WpfApplication.csproj", "{2EC09178-0809-4E5F-A466-12833CA38182}"
EndProject
Global
	GlobalSection(SolutionConfigurationPlatforms) = preSolution
		Debug|Any CPU = Debug|Any CPU
		Release|Any CPU = Release|Any CPU
	EndGlobalSection
	GlobalSection(ProjectConfigurationPlatforms) = postSolution
		{DDB3A90F-443E-403F-BE1F-EF4E3F4B18CD}.Debug|Any CPU.ActiveCfg = Debug|Any CPU
		{DDB3A90F-443E-403F-BE1F-EF4E3F4B18CD}.Debug|Any CPU.Build.0 = Debug|Any CPU
		{DDB3A90F-443E-403F-BE1F-EF4E3F4B18CD}.Release|Any CPU.ActiveCfg = Release|Any CPU
		{DDB3A90F-443E-403F-BE1F-EF4E3F4B18CD}.Release|Any CPU.Build.0 = Release|Any CPU
		{1710C2A3-FFB4-4BCC-9CB9-7143430F1748}.Debug|Any CPU.ActiveCfg = Debug|Any CPU
		{1710C2A3-FFB4-4BCC-9CB9-7143430F1748}.Debug|Any CPU.Build.0 = Debug|Any CPU
		{1710C2A3-FFB4-4BCC-9CB9-7143430F1748}.Release|Any CPU.ActiveCfg = Release|Any CPU
		{1710C2A3-FFB4-4BCC-9CB9-7143430F1748}.Release|Any CPU.Build.0 = Release|Any CPU
		{2EC09178-0809-4E5F-A466-12833CA38182}.Debug|Any CPU.ActiveCfg = Debug|Any CPU
		{2EC09178-0809-4E5F-A466-12833CA38182}.Debug|Any CPU.Build.0 = Debug|Any CPU
		{2EC09178-0809-4E5F-A466-12833CA38182}.Release|Any CPU.ActiveCfg = Release|Any CPU
		{2EC09178-0809-4E5F-A466-12833CA38182}.Release|Any CPU.Build.0 = Release|Any CPU
	EndGlobalSection
	GlobalSection(SolutionProperties) = preSolution
		HideSolutionNode = FALSE
	EndGlobalSection
EndGlobal
