
Microsoft Visual Studio Solution File, Format Version 12.00
# Visual Studio 2012
Project("{FAE04EC0-301F-11D3-BF4B-00C04F79EFBC}") = "Epam_Task6_1_Library", "Epam_Task6_1_Library\Epam_Task6_1_Library.csproj", "{734BDDFE-0B4B-45C8-A1A6-1013D83D6962}"
EndProject
Project("{FAE04EC0-301F-11D3-BF4B-00C04F79EFBC}") = "Epam_Task6_1_ConsoleApplication", "Epam_Task6_1_ConsoleApplication\Epam_Task6_1_ConsoleApplication.csproj", "{140BFE44-6438-47AF-B899-A400E1FCE4CC}"
EndProject
Global
	GlobalSection(SolutionConfigurationPlatforms) = preSolution
		Debug|Any CPU = Debug|Any CPU
		Release|Any CPU = Release|Any CPU
	EndGlobalSection
	GlobalSection(ProjectConfigurationPlatforms) = postSolution
		{734BDDFE-0B4B-45C8-A1A6-1013D83D6962}.Debug|Any CPU.ActiveCfg = Debug|Any CPU
		{734BDDFE-0B4B-45C8-A1A6-1013D83D6962}.Debug|Any CPU.Build.0 = Debug|Any CPU
		{734BDDFE-0B4B-45C8-A1A6-1013D83D6962}.Release|Any CPU.ActiveCfg = Release|Any CPU
		{734BDDFE-0B4B-45C8-A1A6-1013D83D6962}.Release|Any CPU.Build.0 = Release|Any CPU
		{140BFE44-6438-47AF-B899-A400E1FCE4CC}.Debug|Any CPU.ActiveCfg = Debug|Any CPU
		{140BFE44-6438-47AF-B899-A400E1FCE4CC}.Debug|Any CPU.Build.0 = Debug|Any CPU
		{140BFE44-6438-47AF-B899-A400E1FCE4CC}.Release|Any CPU.ActiveCfg = Release|Any CPU
		{140BFE44-6438-47AF-B899-A400E1FCE4CC}.Release|Any CPU.Build.0 = Release|Any CPU
	EndGlobalSection
	GlobalSection(SolutionProperties) = preSolution
		HideSolutionNode = FALSE
	EndGlobalSection
EndGlobal
