
Microsoft Visual Studio Solution File, Format Version 12.00
# Visual Studio 2012
Project("{FAE04EC0-301F-11D3-BF4B-00C04F79EFBC}") = "Epam_Task_11_1_Library", "Epam_Task_11_1_Library\Epam_Task_11_1_Library.csproj", "{7F994DFC-FB79-4BF6-8F3C-B9D54D647AF3}"
EndProject
Project("{FAE04EC0-301F-11D3-BF4B-00C04F79EFBC}") = "Epam_Task_11_1_Library2", "Epam_Task_11_1_Library2\Epam_Task_11_1_Library2.csproj", "{C2100764-E414-4122-B2E2-AEB6E2574E12}"
EndProject
Project("{FAE04EC0-301F-11D3-BF4B-00C04F79EFBC}") = "Epam_Task_11_1_ConsoleApplication", "Epam_Task_11_1_ConsoleApplication\Epam_Task_11_1_ConsoleApplication.csproj", "{383992FD-672E-4E2E-9355-47C01D67EB22}"
EndProject
Global
	GlobalSection(SolutionConfigurationPlatforms) = preSolution
		Debug|Any CPU = Debug|Any CPU
		Release|Any CPU = Release|Any CPU
	EndGlobalSection
	GlobalSection(ProjectConfigurationPlatforms) = postSolution
		{7F994DFC-FB79-4BF6-8F3C-B9D54D647AF3}.Debug|Any CPU.ActiveCfg = Debug|Any CPU
		{7F994DFC-FB79-4BF6-8F3C-B9D54D647AF3}.Debug|Any CPU.Build.0 = Debug|Any CPU
		{7F994DFC-FB79-4BF6-8F3C-B9D54D647AF3}.Release|Any CPU.ActiveCfg = Release|Any CPU
		{7F994DFC-FB79-4BF6-8F3C-B9D54D647AF3}.Release|Any CPU.Build.0 = Release|Any CPU
		{C2100764-E414-4122-B2E2-AEB6E2574E12}.Debug|Any CPU.ActiveCfg = Debug|Any CPU
		{C2100764-E414-4122-B2E2-AEB6E2574E12}.Debug|Any CPU.Build.0 = Debug|Any CPU
		{C2100764-E414-4122-B2E2-AEB6E2574E12}.Release|Any CPU.ActiveCfg = Release|Any CPU
		{C2100764-E414-4122-B2E2-AEB6E2574E12}.Release|Any CPU.Build.0 = Release|Any CPU
		{383992FD-672E-4E2E-9355-47C01D67EB22}.Debug|Any CPU.ActiveCfg = Debug|Any CPU
		{383992FD-672E-4E2E-9355-47C01D67EB22}.Debug|Any CPU.Build.0 = Debug|Any CPU
		{383992FD-672E-4E2E-9355-47C01D67EB22}.Release|Any CPU.ActiveCfg = Release|Any CPU
		{383992FD-672E-4E2E-9355-47C01D67EB22}.Release|Any CPU.Build.0 = Release|Any CPU
	EndGlobalSection
	GlobalSection(SolutionProperties) = preSolution
		HideSolutionNode = FALSE
	EndGlobalSection
EndGlobal
