
Microsoft Visual Studio Solution File, Format Version 12.00
# Visual Studio 2012
Project("{FAE04EC0-301F-11D3-BF4B-00C04F79EFBC}") = "Epam_Task1_Library", "EPAM_Task1_Library\Epam_Task1_Library.csproj", "{8EC51E11-EBF0-4179-A8D7-95EA033598FB}"
EndProject
Project("{FAE04EC0-301F-11D3-BF4B-00C04F79EFBC}") = "Epam_Task1_Console", "EPAM_Task1_Console\Epam_Task1_Console.csproj", "{EEA0EFD4-7EDD-4AD6-AFD9-03DD8B2B8DA5}"
EndProject
Project("{FAE04EC0-301F-11D3-BF4B-00C04F79EFBC}") = "Epam_Task1_WpfApplication", "EPAM_Task1_WpfApplication\Epam_Task1_WpfApplication.csproj", "{957F9AE4-4F4B-4E97-8DE0-C82226D90DF4}"
EndProject
Global
	GlobalSection(SolutionConfigurationPlatforms) = preSolution
		Debug|Any CPU = Debug|Any CPU
		Release|Any CPU = Release|Any CPU
	EndGlobalSection
	GlobalSection(ProjectConfigurationPlatforms) = postSolution
		{8EC51E11-EBF0-4179-A8D7-95EA033598FB}.Debug|Any CPU.ActiveCfg = Debug|Any CPU
		{8EC51E11-EBF0-4179-A8D7-95EA033598FB}.Debug|Any CPU.Build.0 = Debug|Any CPU
		{8EC51E11-EBF0-4179-A8D7-95EA033598FB}.Release|Any CPU.ActiveCfg = Release|Any CPU
		{8EC51E11-EBF0-4179-A8D7-95EA033598FB}.Release|Any CPU.Build.0 = Release|Any CPU
		{EEA0EFD4-7EDD-4AD6-AFD9-03DD8B2B8DA5}.Debug|Any CPU.ActiveCfg = Debug|Any CPU
		{EEA0EFD4-7EDD-4AD6-AFD9-03DD8B2B8DA5}.Debug|Any CPU.Build.0 = Debug|Any CPU
		{EEA0EFD4-7EDD-4AD6-AFD9-03DD8B2B8DA5}.Release|Any CPU.ActiveCfg = Release|Any CPU
		{EEA0EFD4-7EDD-4AD6-AFD9-03DD8B2B8DA5}.Release|Any CPU.Build.0 = Release|Any CPU
		{957F9AE4-4F4B-4E97-8DE0-C82226D90DF4}.Debug|Any CPU.ActiveCfg = Debug|Any CPU
		{957F9AE4-4F4B-4E97-8DE0-C82226D90DF4}.Debug|Any CPU.Build.0 = Debug|Any CPU
		{957F9AE4-4F4B-4E97-8DE0-C82226D90DF4}.Release|Any CPU.ActiveCfg = Release|Any CPU
		{957F9AE4-4F4B-4E97-8DE0-C82226D90DF4}.Release|Any CPU.Build.0 = Release|Any CPU
	EndGlobalSection
	GlobalSection(SolutionProperties) = preSolution
		HideSolutionNode = FALSE
	EndGlobalSection
EndGlobal
